Microsoft Visual Studio Solution File, Format Version 11.00
# Visual Studio 2008

Project("{9B66004E-FDA9-4EB9-379E-D441B16A198B}") = "android_version", "Assembly-CSharp.csproj", "{3BD82768-70BA-041F-E8F4-43FB4505F745}"
EndProject
Global
	GlobalSection(SolutionConfigurationPlatforms) = preSolution
		Debug|Any CPU = Debug|Any CPU
		Release|Any CPU = Release|Any CPU
	EndGlobalSection
	GlobalSection(ProjectConfigurationPlatforms) = postSolution
		{3BD82768-70BA-041F-E8F4-43FB4505F745}.Debug|Any CPU.ActiveCfg = Debug|Any CPU
		{3BD82768-70BA-041F-E8F4-43FB4505F745}.Debug|Any CPU.Build.0 = Debug|Any CPU
		{3BD82768-70BA-041F-E8F4-43FB4505F745}.Release|Any CPU.ActiveCfg = Release|Any CPU
		{3BD82768-70BA-041F-E8F4-43FB4505F745}.Release|Any CPU.Build.0 = Release|Any CPU
	EndGlobalSection
	GlobalSection(SolutionProperties) = preSolution
		HideSolutionNode = FALSE
	EndGlobalSection
	GlobalSection(MonoDevelopProperties) = preSolution
		StartupItem = Assembly-CSharp.csproj
	EndGlobalSection
EndGlobal
